// !$*UTF8*$!
{
	archiveVersion = 1;
	classes = {
	};
	objectVersion = 50;
	objects = {

/* Begin PBXBuildFile section */
		4E3150C223AA88B300908F10 /* AppDelegate.swift in Sources */ = {isa = PBXBuildFile; fileRef = 4E3150C123AA88B300908F10 /* AppDelegate.swift */; };
		4E3150C423AA88B300908F10 /* SceneDelegate.swift in Sources */ = {isa = PBXBuildFile; fileRef = 4E3150C323AA88B300908F10 /* SceneDelegate.swift */; };
		4E3150C623AA88B300908F10 /* ContentView.swift in Sources */ = {isa = PBXBuildFile; fileRef = 4E3150C523AA88B300908F10 /* ContentView.swift */; };
		4E3150C823AA88B400908F10 /* Assets.xcassets in Resources */ = {isa = PBXBuildFile; fileRef = 4E3150C723AA88B400908F10 /* Assets.xcassets */; };
		4E3150CB23AA88B400908F10 /* Preview Assets.xcassets in Resources */ = {isa = PBXBuildFile; fileRef = 4E3150CA23AA88B400908F10 /* Preview Assets.xcassets */; };
		4E3150CE23AA88B400908F10 /* LaunchScreen.storyboard in Resources */ = {isa = PBXBuildFile; fileRef = 4E3150CC23AA88B400908F10 /* LaunchScreen.storyboard */; };
		4E3150D923AA88B400908F10 /* FlashzillaTests.swift in Sources */ = {isa = PBXBuildFile; fileRef = 4E3150D823AA88B400908F10 /* FlashzillaTests.swift */; };
		4E3150E423AA88B400908F10 /* FlashzillaUITests.swift in Sources */ = {isa = PBXBuildFile; fileRef = 4E3150E323AA88B400908F10 /* FlashzillaUITests.swift */; };
/* End PBXBuildFile section */

/* Begin PBXContainerItemProxy section */
		4E3150D523AA88B400908F10 /* PBXContainerItemProxy */ = {
			isa = PBXContainerItemProxy;
			containerPortal = 4E3150B623AA88B300908F10 /* Project object */;
			proxyType = 1;
			remoteGlobalIDString = 4E3150BD23AA88B300908F10;
			remoteInfo = Flashzilla;
		};
		4E3150E023AA88B400908F10 /* PBXContainerItemProxy */ = {
			isa = PBXContainerItemProxy;
			containerPortal = 4E3150B623AA88B300908F10 /* Project object */;
			proxyType = 1;
			remoteGlobalIDString = 4E3150BD23AA88B300908F10;
			remoteInfo = Flashzilla;
		};
/* End PBXContainerItemProxy section */

/* Begin PBXFileReference section */
		4E3150BE23AA88B300908F10 /* Flashzilla.app */ = {isa = PBXFileReference; explicitFileType = wrapper.application; includeInIndex = 0; path = Flashzilla.app; sourceTree = BUILT_PRODUCTS_DIR; };
		4E3150C123AA88B300908F10 /* AppDelegate.swift */ = {isa = PBXFileReference; lastKnownFileType = sourcecode.swift; path = AppDelegate.swift; sourceTree = "<group>"; };
		4E3150C323AA88B300908F10 /* SceneDelegate.swift */ = {isa = PBXFileReference; lastKnownFileType = sourcecode.swift; path = SceneDelegate.swift; sourceTree = "<group>"; };
		4E3150C523AA88B300908F10 /* ContentView.swift */ = {isa = PBXFileReference; lastKnownFileType = sourcecode.swift; path = ContentView.swift; sourceTree = "<group>"; };
		4E3150C723AA88B400908F10 /* Assets.xcassets */ = {isa = PBXFileReference; lastKnownFileType = folder.assetcatalog; path = Assets.xcassets; sourceTree = "<group>"; };
		4E3150CA23AA88B400908F10 /* Preview Assets.xcassets */ = {isa = PBXFileReference; lastKnownFileType = folder.assetcatalog; path = "Preview Assets.xcassets"; sourceTree = "<group>"; };
		4E3150CD23AA88B400908F10 /* Base */ = {isa = PBXFileReference; lastKnownFileType = file.storyboard; name = Base; path = Base.lproj/LaunchScreen.storyboard; sourceTree = "<group>"; };
		4E3150CF23AA88B400908F10 /* Info.plist */ = {isa = PBXFileReference; lastKnownFileType = text.plist.xml; path = Info.plist; sourceTree = "<group>"; };
		4E3150D423AA88B400908F10 /* FlashzillaTests.xctest */ = {isa = PBXFileReference; explicitFileType = wrapper.cfbundle; includeInIndex = 0; path = FlashzillaTests.xctest; sourceTree = BUILT_PRODUCTS_DIR; };
		4E3150D823AA88B400908F10 /* FlashzillaTests.swift */ = {isa = PBXFileReference; lastKnownFileType = sourcecode.swift; path = FlashzillaTests.swift; sourceTree = "<group>"; };
		4E3150DA23AA88B400908F10 /* Info.plist */ = {isa = PBXFileReference; lastKnownFileType = text.plist.xml; path = Info.plist; sourceTree = "<group>"; };
		4E3150DF23AA88B400908F10 /* FlashzillaUITests.xctest */ = {isa = PBXFileReference; explicitFileType = wrapper.cfbundle; includeInIndex = 0; path = FlashzillaUITests.xctest; sourceTree = BUILT_PRODUCTS_DIR; };
		4E3150E323AA88B400908F10 /* FlashzillaUITests.swift */ = {isa = PBXFileReference; lastKnownFileType = sourcecode.swift; path = FlashzillaUITests.swift; sourceTree = "<group>"; };
		4E3150E523AA88B400908F10 /* Info.plist */ = {isa = PBXFileReference; lastKnownFileType = text.plist.xml; path = Info.plist; sourceTree = "<group>"; };
/* End PBXFileReference section */

/* Begin PBXFrameworksBuildPhase section */
		4E3150BB23AA88B300908F10 /* Frameworks */ = {
			isa = PBXFrameworksBuildPhase;
			buildActionMask = 2147483647;
			files = (
			);
			runOnlyForDeploymentPostprocessing = 0;
		};
		4E3150D123AA88B400908F10 /* Frameworks */ = {
			isa = PBXFrameworksBuildPhase;
			buildActionMask = 2147483647;
			files = (
			);
			runOnlyForDeploymentPostprocessing = 0;
		};
		4E3150DC23AA88B400908F10 /* Frameworks */ = {
			isa = PBXFrameworksBuildPhase;
			buildActionMask = 2147483647;
			files = (
			);
			runOnlyForDeploymentPostprocessing = 0;
		};
/* End PBXFrameworksBuildPhase section */

/* Begin PBXGroup section */
		4E3150B523AA88B300908F10 = {
			isa = PBXGroup;
			children = (
				4E3150C023AA88B300908F10 /* Flashzilla */,
				4E3150D723AA88B400908F10 /* FlashzillaTests */,
				4E3150E223AA88B400908F10 /* FlashzillaUITests */,
				4E3150BF23AA88B300908F10 /* Products */,
			);
			sourceTree = "<group>";
		};
		4E3150BF23AA88B300908F10 /* Products */ = {
			isa = PBXGroup;
			children = (
				4E3150BE23AA88B300908F10 /* Flashzilla.app */,
				4E3150D423AA88B400908F10 /* FlashzillaTests.xctest */,
				4E3150DF23AA88B400908F10 /* FlashzillaUITests.xctest */,
			);
			name = Products;
			sourceTree = "<group>";
		};
		4E3150C023AA88B300908F10 /* Flashzilla */ = {
			isa = PBXGroup;
			children = (
				4E3150C123AA88B300908F10 /* AppDelegate.swift */,
				4E3150C323AA88B300908F10 /* SceneDelegate.swift */,
				4E3150C523AA88B300908F10 /* ContentView.swift */,
				4E3150C723AA88B400908F10 /* Assets.xcassets */,
				4E3150CC23AA88B400908F10 /* LaunchScreen.storyboard */,
				4E3150CF23AA88B400908F10 /* Info.plist */,
				4E3150C923AA88B400908F10 /* Preview Content */,
			);
			path = Flashzilla;
			sourceTree = "<group>";
		};
		4E3150C923AA88B400908F10 /* Preview Content */ = {
			isa = PBXGroup;
			children = (
				4E3150CA23AA88B400908F10 /* Preview Assets.xcassets */,
			);
			path = "Preview Content";
			sourceTree = "<group>";
		};
		4E3150D723AA88B400908F10 /* FlashzillaTests */ = {
			isa = PBXGroup;
			children = (
				4E3150D823AA88B400908F10 /* FlashzillaTests.swift */,
				4E3150DA23AA88B400908F10 /* Info.plist */,
			);
			path = FlashzillaTests;
			sourceTree = "<group>";
		};
		4E3150E223AA88B400908F10 /* FlashzillaUITests */ = {
			isa = PBXGroup;
			children = (
				4E3150E323AA88B400908F10 /* FlashzillaUITests.swift */,
				4E3150E523AA88B400908F10 /* Info.plist */,
			);
			path = FlashzillaUITests;
			sourceTree = "<group>";
		};
/* End PBXGroup section */

/* Begin PBXNativeTarget section */
		4E3150BD23AA88B300908F10 /* Flashzilla */ = {
			isa = PBXNativeTarget;
			buildConfigurationList = 4E3150E823AA88B400908F10 /* Build configuration list for PBXNativeTarget "Flashzilla" */;
			buildPhases = (
				4E3150BA23AA88B300908F10 /* Sources */,
				4E3150BB23AA88B300908F10 /* Frameworks */,
				4E3150BC23AA88B300908F10 /* Resources */,
			);
			buildRules = (
			);
			dependencies = (
			);
			name = Flashzilla;
			productName = Flashzilla;
			productReference = 4E3150BE23AA88B300908F10 /* Flashzilla.app */;
			productType = "com.apple.product-type.application";
		};
		4E3150D323AA88B400908F10 /* FlashzillaTests */ = {
			isa = PBXNativeTarget;
			buildConfigurationList = 4E3150EB23AA88B400908F10 /* Build configuration list for PBXNativeTarget "FlashzillaTests" */;
			buildPhases = (
				4E3150D023AA88B400908F10 /* Sources */,
				4E3150D123AA88B400908F10 /* Frameworks */,
				4E3150D223AA88B400908F10 /* Resources */,
			);
			buildRules = (
			);
			dependencies = (
				4E3150D623AA88B400908F10 /* PBXTargetDependency */,
			);
			name = FlashzillaTests;
			productName = FlashzillaTests;
			productReference = 4E3150D423AA88B400908F10 /* FlashzillaTests.xctest */;
			productType = "com.apple.product-type.bundle.unit-test";
		};
		4E3150DE23AA88B400908F10 /* FlashzillaUITests */ = {
			isa = PBXNativeTarget;
			buildConfigurationList = 4E3150EE23AA88B400908F10 /* Build configuration list for PBXNativeTarget "FlashzillaUITests" */;
			buildPhases = (
				4E3150DB23AA88B400908F10 /* Sources */,
				4E3150DC23AA88B400908F10 /* Frameworks */,
				4E3150DD23AA88B400908F10 /* Resources */,
			);
			buildRules = (
			);
			dependencies = (
				4E3150E123AA88B400908F10 /* PBXTargetDependency */,
			);
			name = FlashzillaUITests;
			productName = FlashzillaUITests;
			productReference = 4E3150DF23AA88B400908F10 /* FlashzillaUITests.xctest */;
			productType = "com.apple.product-type.bundle.ui-testing";
		};
/* End PBXNativeTarget section */

/* Begin PBXProject section */
		4E3150B623AA88B300908F10 /* Project object */ = {
			isa = PBXProject;
			attributes = {
				LastSwiftUpdateCheck = 1130;
				LastUpgradeCheck = 1130;
				ORGANIZATIONNAME = "NICK POLYCHRONAKIS";
				TargetAttributes = {
					4E3150BD23AA88B300908F10 = {
						CreatedOnToolsVersion = 11.3;
					};
					4E3150D323AA88B400908F10 = {
						CreatedOnToolsVersion = 11.3;
						TestTargetID = 4E3150BD23AA88B300908F10;
					};
					4E3150DE23AA88B400908F10 = {
						CreatedOnToolsVersion = 11.3;
						TestTargetID = 4E3150BD23AA88B300908F10;
					};
				};
			};
			buildConfigurationList = 4E3150B923AA88B300908F10 /* Build configuration list for PBXProject "Flashzilla" */;
			compatibilityVersion = "Xcode 9.3";
			developmentRegion = en;
			hasScannedForEncodings = 0;
			knownRegions = (
				en,
				Base,
			);
			mainGroup = 4E3150B523AA88B300908F10;
			productRefGroup = 4E3150BF23AA88B300908F10 /* Products */;
			projectDirPath = "";
			projectRoot = "";
			targets = (
				4E3150BD23AA88B300908F10 /* Flashzilla */,
				4E3150D323AA88B400908F10 /* FlashzillaTests */,
				4E3150DE23AA88B400908F10 /* FlashzillaUITests */,
			);
		};
/* End PBXProject section */

/* Begin PBXResourcesBuildPhase section */
		4E3150BC23AA88B300908F10 /* Resources */ = {
			isa = PBXResourcesBuildPhase;
			buildActionMask = 2147483647;
			files = (
				4E3150CE23AA88B400908F10 /* LaunchScreen.storyboard in Resources */,
				4E3150CB23AA88B400908F10 /* Preview Assets.xcassets in Resources */,
				4E3150C823AA88B400908F10 /* Assets.xcassets in Resources */,
			);
			runOnlyForDeploymentPostprocessing = 0;
		};
		4E3150D223AA88B400908F10 /* Resources */ = {
			isa = PBXResourcesBuildPhase;
			buildActionMask = 2147483647;
			files = (
			);
			runOnlyForDeploymentPostprocessing = 0;
		};
		4E3150DD23AA88B400908F10 /* Resources */ = {
			isa = PBXResourcesBuildPhase;
			buildActionMask = 2147483647;
			files = (
			);
			runOnlyForDeploymentPostprocessing = 0;
		};
/* End PBXResourcesBuildPhase section */

/* Begin PBXSourcesBuildPhase section */
		4E3150BA23AA88B300908F10 /* Sources */ = {
			isa = PBXSourcesBuildPhase;
			buildActionMask = 2147483647;
			files = (
				4E3150C223AA88B300908F10 /* AppDelegate.swift in Sources */,
				4E3150C423AA88B300908F10 /* SceneDelegate.swift in Sources */,
				4E3150C623AA88B300908F10 /* ContentView.swift in Sources */,
			);
			runOnlyForDeploymentPostprocessing = 0;
		};
		4E3150D023AA88B400908F10 /* Sources */ = {
			isa = PBXSourcesBuildPhase;
			buildActionMask = 2147483647;
			files = (
				4E3150D923AA88B400908F10 /* FlashzillaTests.swift in Sources */,
			);
			runOnlyForDeploymentPostprocessing = 0;
		};
		4E3150DB23AA88B400908F10 /* Sources */ = {
			isa = PBXSourcesBuildPhase;
			buildActionMask = 2147483647;
			files = (
				4E3150E423AA88B400908F10 /* FlashzillaUITests.swift in Sources */,
			);
			runOnlyForDeploymentPostprocessing = 0;
		};
/* End PBXSourcesBuildPhase section */

/* Begin PBXTargetDependency section */
		4E3150D623AA88B400908F10 /* PBXTargetDependency */ = {
			isa = PBXTargetDependency;
			target = 4E3150BD23AA88B300908F10 /* Flashzilla */;
			targetProxy = 4E3150D523AA88B400908F10 /* PBXContainerItemProxy */;
		};
		4E3150E123AA88B400908F10 /* PBXTargetDependency */ = {
			isa = PBXTargetDependency;
			target = 4E3150BD23AA88B300908F10 /* Flashzilla */;
			targetProxy = 4E3150E023AA88B400908F10 /* PBXContainerItemProxy */;
		};
/* End PBXTargetDependency section */

/* Begin PBXVariantGroup section */
		4E3150CC23AA88B400908F10 /* LaunchScreen.storyboard */ = {
			isa = PBXVariantGroup;
			children = (
				4E3150CD23AA88B400908F10 /* Base */,
			);
			name = LaunchScreen.storyboard;
			sourceTree = "<group>";
		};
/* End PBXVariantGroup section */

/* Begin XCBuildConfiguration section */
		4E3150E623AA88B400908F10 /* Debug */ = {
			isa = XCBuildConfiguration;
			buildSettings = {
				ALWAYS_SEARCH_USER_PATHS = NO;
				CLANG_ANALYZER_NONNULL = YES;
				CLANG_ANALYZER_NUMBER_OBJECT_CONVERSION = YES_AGGRESSIVE;
				CLANG_CXX_LANGUAGE_STANDARD = "gnu++14";
				CLANG_CXX_LIBRARY = "libc++";
				CLANG_ENABLE_MODULES = YES;
				CLANG_ENABLE_OBJC_ARC = YES;
				CLANG_ENABLE_OBJC_WEAK = YES;
				CLANG_WARN_BLOCK_CAPTURE_AUTORELEASING = YES;
				CLANG_WARN_BOOL_CONVERSION = YES;
				CLANG_WARN_COMMA = YES;
				CLANG_WARN_CONSTANT_CONVERSION = YES;
				CLANG_WARN_DEPRECATED_OBJC_IMPLEMENTATIONS = YES;
				CLANG_WARN_DIRECT_OBJC_ISA_USAGE = YES_ERROR;
				CLANG_WARN_DOCUMENTATION_COMMENTS = YES;
				CLANG_WARN_EMPTY_BODY = YES;
				CLANG_WARN_ENUM_CONVERSION = YES;
				CLANG_WARN_INFINITE_RECURSION = YES;
				CLANG_WARN_INT_CONVERSION = YES;
				CLANG_WARN_NON_LITERAL_NULL_CONVERSION = YES;
				CLANG_WARN_OBJC_IMPLICIT_RETAIN_SELF = YES;
				CLANG_WARN_OBJC_LITERAL_CONVERSION = YES;
				CLANG_WARN_OBJC_ROOT_CLASS = YES_ERROR;
				CLANG_WARN_RANGE_LOOP_ANALYSIS = YES;
				CLANG_WARN_STRICT_PROTOTYPES = YES;
				CLANG_WARN_SUSPICIOUS_MOVE = YES;
				CLANG_WARN_UNGUARDED_AVAILABILITY = YES_AGGRESSIVE;
				CLANG_WARN_UNREACHABLE_CODE = YES;
				CLANG_WARN__DUPLICATE_METHOD_MATCH = YES;
				COPY_PHASE_STRIP = NO;
				DEBUG_INFORMATION_FORMAT = dwarf;
				ENABLE_STRICT_OBJC_MSGSEND = YES;
				ENABLE_TESTABILITY = YES;
				GCC_C_LANGUAGE_STANDARD = gnu11;
				GCC_DYNAMIC_NO_PIC = NO;
				GCC_NO_COMMON_BLOCKS = YES;
				GCC_OPTIMIZATION_LEVEL = 0;
				GCC_PREPROCESSOR_DEFINITIONS = (
					"DEBUG=1",
					"$(inherited)",
				);
				GCC_WARN_64_TO_32_BIT_CONVERSION = YES;
				GCC_WARN_ABOUT_RETURN_TYPE = YES_ERROR;
				GCC_WARN_UNDECLARED_SELECTOR = YES;
				GCC_WARN_UNINITIALIZED_AUTOS = YES_AGGRESSIVE;
				GCC_WARN_UNUSED_FUNCTION = YES;
				GCC_WARN_UNUSED_VARIABLE = YES;
				IPHONEOS_DEPLOYMENT_TARGET = 13.2;
				MTL_ENABLE_DEBUG_INFO = INCLUDE_SOURCE;
				MTL_FAST_MATH = YES;
				ONLY_ACTIVE_ARCH = YES;
				SDKROOT = iphoneos;
				SWIFT_ACTIVE_COMPILATION_CONDITIONS = DEBUG;
				SWIFT_OPTIMIZATION_LEVEL = "-Onone";
			};
			name = Debug;
		};
		4E3150E723AA88B400908F10 /* Release */ = {
			isa = XCBuildConfiguration;
			buildSettings = {
				ALWAYS_SEARCH_USER_PATHS = NO;
				CLANG_ANALYZER_NONNULL = YES;
				CLANG_ANALYZER_NUMBER_OBJECT_CONVERSION = YES_AGGRESSIVE;
				CLANG_CXX_LANGUAGE_STANDARD = "gnu++14";
				CLANG_CXX_LIBRARY = "libc++";
				CLANG_ENABLE_MODULES = YES;
				CLANG_ENABLE_OBJC_ARC = YES;
				CLANG_ENABLE_OBJC_WEAK = YES;
				CLANG_WARN_BLOCK_CAPTURE_AUTORELEASING = YES;
				CLANG_WARN_BOOL_CONVERSION = YES;
				CLANG_WARN_COMMA = YES;
				CLANG_WARN_CONSTANT_CONVERSION = YES;
				CLANG_WARN_DEPRECATED_OBJC_IMPLEMENTATIONS = YES;
				CLANG_WARN_DIRECT_OBJC_ISA_USAGE = YES_ERROR;
				CLANG_WARN_DOCUMENTATION_COMMENTS = YES;
				CLANG_WARN_EMPTY_BODY = YES;
				CLANG_WARN_ENUM_CONVERSION = YES;
				CLANG_WARN_INFINITE_RECURSION = YES;
				CLANG_WARN_INT_CONVERSION = YES;
				CLANG_WARN_NON_LITERAL_NULL_CONVERSION = YES;
				CLANG_WARN_OBJC_IMPLICIT_RETAIN_SELF = YES;
				CLANG_WARN_OBJC_LITERAL_CONVERSION = YES;
				CLANG_WARN_OBJC_ROOT_CLASS = YES_ERROR;
				CLANG_WARN_RANGE_LOOP_ANALYSIS = YES;
				CLANG_WARN_STRICT_PROTOTYPES = YES;
				CLANG_WARN_SUSPICIOUS_MOVE = YES;
				CLANG_WARN_UNGUARDED_AVAILABILITY = YES_AGGRESSIVE;
				CLANG_WARN_UNREACHABLE_CODE = YES;
				CLANG_WARN__DUPLICATE_METHOD_MATCH = YES;
				COPY_PHASE_STRIP = NO;
				DEBUG_INFORMATION_FORMAT = "dwarf-with-dsym";
				ENABLE_NS_ASSERTIONS = NO;
				ENABLE_STRICT_OBJC_MSGSEND = YES;
				GCC_C_LANGUAGE_STANDARD = gnu11;
				GCC_NO_COMMON_BLOCKS = YES;
				GCC_WARN_64_TO_32_BIT_CONVERSION = YES;
				GCC_WARN_ABOUT_RETURN_TYPE = YES_ERROR;
				GCC_WARN_UNDECLARED_SELECTOR = YES;
				GCC_WARN_UNINITIALIZED_AUTOS = YES_AGGRESSIVE;
				GCC_WARN_UNUSED_FUNCTION = YES;
				GCC_WARN_UNUSED_VARIABLE = YES;
				IPHONEOS_DEPLOYMENT_TARGET = 13.2;
				MTL_ENABLE_DEBUG_INFO = NO;
				MTL_FAST_MATH = YES;
				SDKROOT = iphoneos;
				SWIFT_COMPILATION_MODE = wholemodule;
				SWIFT_OPTIMIZATION_LEVEL = "-O";
				VALIDATE_PRODUCT = YES;
			};
			name = Release;
		};
		4E3150E923AA88B400908F10 /* Debug */ = {
			isa = XCBuildConfiguration;
			buildSettings = {
				ASSETCATALOG_COMPILER_APPICON_NAME = AppIcon;
				CODE_SIGN_STYLE = Automatic;
				DEVELOPMENT_ASSET_PATHS = "\"Flashzilla/Preview Content\"";
				DEVELOPMENT_TEAM = QMV3CHYG5M;
				ENABLE_PREVIEWS = YES;
				INFOPLIST_FILE = Flashzilla/Info.plist;
				LD_RUNPATH_SEARCH_PATHS = (
					"$(inherited)",
					"@executable_path/Frameworks",
				);
				PRODUCT_BUNDLE_IDENTIFIER = com.nickpolychronakis.Flashzilla;
				PRODUCT_NAME = "$(TARGET_NAME)";
				SWIFT_VERSION = 5.0;
				TARGETED_DEVICE_FAMILY = "1,2";
			};
			name = Debug;
		};
		4E3150EA23AA88B400908F10 /* Release */ = {
			isa = XCBuildConfiguration;
			buildSettings = {
				ASSETCATALOG_COMPILER_APPICON_NAME = AppIcon;
				CODE_SIGN_STYLE = Automatic;
				DEVELOPMENT_ASSET_PATHS = "\"Flashzilla/Preview Content\"";
				DEVELOPMENT_TEAM = QMV3CHYG5M;
				ENABLE_PREVIEWS = YES;
				INFOPLIST_FILE = Flashzilla/Info.plist;
				LD_RUNPATH_SEARCH_PATHS = (
					"$(inherited)",
					"@executable_path/Frameworks",
				);
				PRODUCT_BUNDLE_IDENTIFIER = com.nickpolychronakis.Flashzilla;
				PRODUCT_NAME = "$(TARGET_NAME)";
				SWIFT_VERSION = 5.0;
				TARGETED_DEVICE_FAMILY = "1,2";
			};
			name = Release;
		};
		4E3150EC23AA88B400908F10 /* Debug */ = {
			isa = XCBuildConfiguration;
			buildSettings = {
				ALWAYS_EMBED_SWIFT_STANDARD_LIBRARIES = YES;
				BUNDLE_LOADER = "$(TEST_HOST)";
				CODE_SIGN_STYLE = Automatic;
				DEVELOPMENT_TEAM = QMV3CHYG5M;
				INFOPLIST_FILE = FlashzillaTests/Info.plist;
				IPHONEOS_DEPLOYMENT_TARGET = 13.2;
				LD_RUNPATH_SEARCH_PATHS = (
					"$(inherited)",
					"@executable_path/Frameworks",
					"@loader_path/Frameworks",
				);
				PRODUCT_BUNDLE_IDENTIFIER = com.nickpolychronakis.FlashzillaTests;
				PRODUCT_NAME = "$(TARGET_NAME)";
				SWIFT_VERSION = 5.0;
				TARGETED_DEVICE_FAMILY = "1,2";
				TEST_HOST = "$(BUILT_PRODUCTS_DIR)/Flashzilla.app/Flashzilla";
			};
			name = Debug;
		};
		4E3150ED23AA88B400908F10 /* Release */ = {
			isa = XCBuildConfiguration;
			buildSettings = {
				ALWAYS_EMBED_SWIFT_STANDARD_LIBRARIES = YES;
				BUNDLE_LOADER = "$(TEST_HOST)";
				CODE_SIGN_STYLE = Automatic;
				DEVELOPMENT_TEAM = QMV3CHYG5M;
				INFOPLIST_FILE = FlashzillaTests/Info.plist;
				IPHONEOS_DEPLOYMENT_TARGET = 13.2;
				LD_RUNPATH_SEARCH_PATHS = (
					"$(inherited)",
					"@executable_path/Frameworks",
					"@loader_path/Frameworks",
				);
				PRODUCT_BUNDLE_IDENTIFIER = com.nickpolychronakis.FlashzillaTests;
				PRODUCT_NAME = "$(TARGET_NAME)";
				SWIFT_VERSION = 5.0;
				TARGETED_DEVICE_FAMILY = "1,2";
				TEST_HOST = "$(BUILT_PRODUCTS_DIR)/Flashzilla.app/Flashzilla";
			};
			name = Release;
		};
		4E3150EF23AA88B400908F10 /* Debug */ = {
			isa = XCBuildConfiguration;
			buildSettings = {
				ALWAYS_EMBED_SWIFT_STANDARD_LIBRARIES = YES;
				CODE_SIGN_STYLE = Automatic;
				DEVELOPMENT_TEAM = QMV3CHYG5M;
				INFOPLIST_FILE = FlashzillaUITests/Info.plist;
				LD_RUNPATH_SEARCH_PATHS = (
					"$(inherited)",
					"@executable_path/Frameworks",
					"@loader_path/Frameworks",
				);
				PRODUCT_BUNDLE_IDENTIFIER = com.nickpolychronakis.FlashzillaUITests;
				PRODUCT_NAME = "$(TARGET_NAME)";
				SWIFT_VERSION = 5.0;
				TARGETED_DEVICE_FAMILY = "1,2";
				TEST_TARGET_NAME = Flashzilla;
			};
			name = Debug;
		};
		4E3150F023AA88B400908F10 /* Release */ = {
			isa = XCBuildConfiguration;
			buildSettings = {
				ALWAYS_EMBED_SWIFT_STANDARD_LIBRARIES = YES;
				CODE_SIGN_STYLE = Automatic;
				DEVELOPMENT_TEAM = QMV3CHYG5M;
				INFOPLIST_FILE = FlashzillaUITests/Info.plist;
				LD_RUNPATH_SEARCH_PATHS = (
					"$(inherited)",
					"@executable_path/Frameworks",
					"@loader_path/Frameworks",
				);
				PRODUCT_BUNDLE_IDENTIFIER = com.nickpolychronakis.FlashzillaUITests;
				PRODUCT_NAME = "$(TARGET_NAME)";
				SWIFT_VERSION = 5.0;
				TARGETED_DEVICE_FAMILY = "1,2";
				TEST_TARGET_NAME = Flashzilla;
			};
			name = Release;
		};
/* End XCBuildConfiguration section */

/* Begin XCConfigurationList section */
		4E3150B923AA88B300908F10 /* Build configuration list for PBXProject "Flashzilla" */ = {
			isa = XCConfigurationList;
			buildConfigurations = (
				4E3150E623AA88B400908F10 /* Debug */,
				4E3150E723AA88B400908F10 /* Release */,
			);
			defaultConfigurationIsVisible = 0;
			defaultConfigurationName = Release;
		};
		4E3150E823AA88B400908F10 /* Build configuration list for PBXNativeTarget "Flashzilla" */ = {
			isa = XCConfigurationList;
			buildConfigurations = (
				4E3150E923AA88B400908F10 /* Debug */,
				4E3150EA23AA88B400908F10 /* Release */,
			);
			defaultConfigurationIsVisible = 0;
			defaultConfigurationName = Release;
		};
		4E3150EB23AA88B400908F10 /* Build configuration list for PBXNativeTarget "FlashzillaTests" */ = {
			isa = XCConfigurationList;
			buildConfigurations = (
				4E3150EC23AA88B400908F10 /* Debug */,
				4E3150ED23AA88B400908F10 /* Release */,
			);
			defaultConfigurationIsVisible = 0;
			defaultConfigurationName = Release;
		};
		4E3150EE23AA88B400908F10 /* Build configuration list for PBXNativeTarget "FlashzillaUITests" */ = {
			isa = XCConfigurationList;
			buildConfigurations = (
				4E3150EF23AA88B400908F10 /* Debug */,
				4E3150F023AA88B400908F10 /* Release */,
			);
			defaultConfigurationIsVisible = 0;
			defaultConfigurationName = Release;
		};
/* End XCConfigurationList section */
	};
	rootObject = 4E3150B623AA88B300908F10 /* Project object */;
}
